
Microsoft Visual Studio Solution File, Format Version 12.00
# Visual Studio Version 16
VisualStudioVersion = 16.0.31112.23
MinimumVisualStudioVersion = 10.0.40219.1
Project("{FAE04EC0-301F-11D3-BF4B-00C04F79EFBC}") = "beep test", "beep test\beep test.csproj", "{80BA6F0E-23A5-498E-8CD5-CBF0378A116C}"
EndProject
Global
	GlobalSection(SolutionConfigurationPlatforms) = preSolution
		Debug|Any CPU = Debug|Any CPU
		Release|Any CPU = Release|Any CPU
	EndGlobalSection
	GlobalSection(ProjectConfigurationPlatforms) = postSolution
		{80BA6F0E-23A5-498E-8CD5-CBF0378A116C}.Debug|Any CPU.ActiveCfg = Debug|Any CPU
		{80BA6F0E-23A5-498E-8CD5-CBF0378A116C}.Debug|Any CPU.Build.0 = Debug|Any CPU
		{80BA6F0E-23A5-498E-8CD5-CBF0378A116C}.Release|Any CPU.ActiveCfg = Release|Any CPU
		{80BA6F0E-23A5-498E-8CD5-CBF0378A116C}.Release|Any CPU.Build.0 = Release|Any CPU
	EndGlobalSection
	GlobalSection(SolutionProperties) = preSolution
		HideSolutionNode = FALSE
	EndGlobalSection
	GlobalSection(ExtensibilityGlobals) = postSolution
		SolutionGuid = {0DB510BD-79DF-423F-A12D-006CDAFEF100}
	EndGlobalSection
EndGlobal
